{
  "name": "consuldemocracy",
  "lockfileVersion": 3,
  "requires": true,
  "packages": {
    "": {
      "name": "consuldemocracy",
      "dependencies": {
        "@geoman-io/leaflet-geoman-free": "^2.15.0",
        "ace-builds": "^1.43.0",
        "glightbox": "^3.3.0",
        "html2canvas": "^1.4.1",
        "idiomorph": "^0.7.3",
        "jquery": "^3.7.1",
        "jquery-ui": "^1.13.2",
        "jquery-ujs": "^1.2.3",
        "leaflet": "^1.9.4",
        "leaflet-geosearch": "^3.11.0",
        "leaflet-gesture-handling": "^1.2.2",
        "Leaflet.Deflate": "^2.1.0",
        "leaflet.locatecontrol": "^0.79.0",
        "leaflet.markercluster": "^1.5.3",
        "mapbox-gl": "^3.12.0",
        "select2": "^4.1.0-rc.0",
        "sortablejs": "^1.15.6"
      }
    },
    "node_modules/@geoman-io/leaflet-geoman-free": {
      "version": "2.18.3",
      "resolved": "https://registry.npmjs.org/@geoman-io/leaflet-geoman-free/-/leaflet-geoman-free-2.18.3.tgz",
      "integrity": "sha512-XzxSKRk2UJUVeGiOt1jU2hyo412Qee1Q0Xsfw4A2r8EoUIo48XKSWfusYe7E53fSPr0aYgZxPevnFdcUXimpdA==",
      "license": "MIT",
      "dependencies": {
        "@turf/boolean-contains": "^6.5.0",
        "@turf/kinks": "^6.5.0",
        "@turf/line-intersect": "^6.5.0",
        "@turf/line-split": "^6.5.0",
        "lodash": "4.17.21",
        "polyclip-ts": "^0.16.5"
      },
      "peerDependencies": {
        "leaflet": "^1.2.0"
      }
    },
    "node_modules/@googlemaps/js-api-loader": {
      "version": "1.16.10",
      "resolved": "https://registry.npmjs.org/@googlemaps/js-api-loader/-/js-api-loader-1.16.10.tgz",
      "integrity": "sha512-c2erv2k7P2ilYzMmtYcMgAR21AULosQuUHJbStnrvRk2dG93k5cqptDrh9A8p+ZNlyhiqEOgHW7N9PAizdUM7Q==",
      "license": "Apache-2.0",
      "optional": true
    },
    "node_modules/@mapbox/jsonlint-lines-primitives": {
      "version": "2.0.2",
      "resolved": "https://registry.npmjs.org/@mapbox/jsonlint-lines-primitives/-/jsonlint-lines-primitives-2.0.2.tgz",
      "integrity": "sha512-rY0o9A5ECsTQRVhv7tL/OyDpGAoUB4tTvLiW1DSzQGq4bvTPhNw1VpSNjDJc5GFZ2XuyOtSWSVN05qOtcD71qQ==",
      "engines": {
        "node": ">= 0.6"
      }
    },
    "node_modules/@mapbox/mapbox-gl-supported": {
      "version": "3.0.0",
      "resolved": "https://registry.npmjs.org/@mapbox/mapbox-gl-supported/-/mapbox-gl-supported-3.0.0.tgz",
      "integrity": "sha512-2XghOwu16ZwPJLOFVuIOaLbN0iKMn867evzXFyf0P22dqugezfJwLmdanAgU25ITvz1TvOfVP4jsDImlDJzcWg==",
      "license": "BSD-3-Clause"
    },
    "node_modules/@mapbox/point-geometry": {
      "version": "0.1.0",
      "resolved": "https://registry.npmjs.org/@mapbox/point-geometry/-/point-geometry-0.1.0.tgz",
      "integrity": "sha512-6j56HdLTwWGO0fJPlrZtdU/B13q8Uwmo18Ck2GnGgN9PCFyKTZ3UbXeEdRFh18i9XQ92eH2VdtpJHpBD3aripQ==",
      "license": "ISC"
    },
    "node_modules/@mapbox/tiny-sdf": {
      "version": "2.0.6",
      "resolved": "https://registry.npmjs.org/@mapbox/tiny-sdf/-/tiny-sdf-2.0.6.tgz",
      "integrity": "sha512-qMqa27TLw+ZQz5Jk+RcwZGH7BQf5G/TrutJhspsca/3SHwmgKQ1iq+d3Jxz5oysPVYTGP6aXxCo5Lk9Er6YBAA==",
      "license": "BSD-2-Clause"
    },
    "node_modules/@mapbox/unitbezier": {
      "version": "0.0.1",
      "resolved": "https://registry.npmjs.org/@mapbox/unitbezier/-/unitbezier-0.0.1.tgz",
      "integrity": "sha512-nMkuDXFv60aBr9soUG5q+GvZYL+2KZHVvsqFCzqnkGEf46U2fvmytHaEVc1/YZbiLn8X+eR3QzX1+dwDO1lxlw==",
      "license": "BSD-2-Clause"
    },
    "node_modules/@mapbox/vector-tile": {
      "version": "1.3.1",
      "resolved": "https://registry.npmjs.org/@mapbox/vector-tile/-/vector-tile-1.3.1.tgz",
      "integrity": "sha512-MCEddb8u44/xfQ3oD+Srl/tNcQoqTw3goGk2oLsrFxOTc3dUp+kAnby3PvAeeBYSMSjSPD1nd1AJA6W49WnoUw==",
      "license": "BSD-3-Clause",
      "dependencies": {
        "@mapbox/point-geometry": "~0.1.0"
      }
    },
    "node_modules/@mapbox/whoots-js": {
      "version": "3.1.0",
      "resolved": "https://registry.npmjs.org/@mapbox/whoots-js/-/whoots-js-3.1.0.tgz",
      "integrity": "sha512-Es6WcD0nO5l+2BOQS4uLfNPYQaNDfbot3X1XUoloz+x0mPDS3eeORZJl06HXjwBG1fOGwCRnzK88LMdxKRrd6Q==",
      "license": "ISC",
      "engines": {
        "node": ">=6.0.0"
      }
    },
    "node_modules/@turf/bbox": {
      "version": "6.5.0",
      "resolved": "https://registry.npmjs.org/@turf/bbox/-/bbox-6.5.0.tgz",
      "integrity": "sha512-RBbLaao5hXTYyyg577iuMtDB8ehxMlUqHEJiMs8jT1GHkFhr6sYre3lmLsPeYEi/ZKj5TP5tt7fkzNdJ4GIVyw==",
      "dependencies": {
        "@turf/helpers": "^6.5.0",
        "@turf/meta": "^6.5.0"
      },
      "funding": {
        "url": "https://opencollective.com/turf"
      }
    },
    "node_modules/@turf/bearing": {
      "version": "6.5.0",
      "resolved": "https://registry.npmjs.org/@turf/bearing/-/bearing-6.5.0.tgz",
      "integrity": "sha512-dxINYhIEMzgDOztyMZc20I7ssYVNEpSv04VbMo5YPQsqa80KO3TFvbuCahMsCAW5z8Tncc8dwBlEFrmRjJG33A==",
      "dependencies": {
        "@turf/helpers": "^6.5.0",
        "@turf/invariant": "^6.5.0"
      },
      "funding": {
        "url": "https://opencollective.com/turf"
      }
    },
    "node_modules/@turf/boolean-contains": {
      "version": "6.5.0",
      "resolved": "https://registry.npmjs.org/@turf/boolean-contains/-/boolean-contains-6.5.0.tgz",
      "integrity": "sha512-4m8cJpbw+YQcKVGi8y0cHhBUnYT+QRfx6wzM4GI1IdtYH3p4oh/DOBJKrepQyiDzFDaNIjxuWXBh0ai1zVwOQQ==",
      "dependencies": {
        "@turf/bbox": "^6.5.0",
        "@turf/boolean-point-in-polygon": "^6.5.0",
        "@turf/boolean-point-on-line": "^6.5.0",
        "@turf/helpers": "^6.5.0",
        "@turf/invariant": "^6.5.0"
      },
      "funding": {
        "url": "https://opencollective.com/turf"
      }
    },
    "node_modules/@turf/boolean-point-in-polygon": {
      "version": "6.5.0",
      "resolved": "https://registry.npmjs.org/@turf/boolean-point-in-polygon/-/boolean-point-in-polygon-6.5.0.tgz",
      "integrity": "sha512-DtSuVFB26SI+hj0SjrvXowGTUCHlgevPAIsukssW6BG5MlNSBQAo70wpICBNJL6RjukXg8d2eXaAWuD/CqL00A==",
      "dependencies": {
        "@turf/helpers": "^6.5.0",
        "@turf/invariant": "^6.5.0"
      },
      "funding": {
        "url": "https://opencollective.com/turf"
      }
    },
    "node_modules/@turf/boolean-point-on-line": {
      "version": "6.5.0",
      "resolved": "https://registry.npmjs.org/@turf/boolean-point-on-line/-/boolean-point-on-line-6.5.0.tgz",
      "integrity": "sha512-A1BbuQ0LceLHvq7F/P7w3QvfpmZqbmViIUPHdNLvZimFNLo4e6IQunmzbe+8aSStH9QRZm3VOflyvNeXvvpZEQ==",
      "dependencies": {
        "@turf/helpers": "^6.5.0",
        "@turf/invariant": "^6.5.0"
      },
      "funding": {
        "url": "https://opencollective.com/turf"
      }
    },
    "node_modules/@turf/destination": {
      "version": "6.5.0",
      "resolved": "https://registry.npmjs.org/@turf/destination/-/destination-6.5.0.tgz",
      "integrity": "sha512-4cnWQlNC8d1tItOz9B4pmJdWpXqS0vEvv65bI/Pj/genJnsL7evI0/Xw42RvEGROS481MPiU80xzvwxEvhQiMQ==",
      "dependencies": {
        "@turf/helpers": "^6.5.0",
        "@turf/invariant": "^6.5.0"
      },
      "funding": {
        "url": "https://opencollective.com/turf"
      }
    },
    "node_modules/@turf/distance": {
      "version": "6.5.0",
      "resolved": "https://registry.npmjs.org/@turf/distance/-/distance-6.5.0.tgz",
      "integrity": "sha512-xzykSLfoURec5qvQJcfifw/1mJa+5UwByZZ5TZ8iaqjGYN0vomhV9aiSLeYdUGtYRESZ+DYC/OzY+4RclZYgMg==",
      "dependencies": {
        "@turf/helpers": "^6.5.0",
        "@turf/invariant": "^6.5.0"
      },
      "funding": {
        "url": "https://opencollective.com/turf"
      }
    },
    "node_modules/@turf/helpers": {
      "version": "6.5.0",
      "resolved": "https://registry.npmjs.org/@turf/helpers/-/helpers-6.5.0.tgz",
      "integrity": "sha512-VbI1dV5bLFzohYYdgqwikdMVpe7pJ9X3E+dlr425wa2/sMJqYDhTO++ec38/pcPvPE6oD9WEEeU3Xu3gza+VPw==",
      "funding": {
        "url": "https://opencollective.com/turf"
      }
    },
    "node_modules/@turf/invariant": {
      "version": "6.5.0",
      "resolved": "https://registry.npmjs.org/@turf/invariant/-/invariant-6.5.0.tgz",
      "integrity": "sha512-Wv8PRNCtPD31UVbdJE/KVAWKe7l6US+lJItRR/HOEW3eh+U/JwRCSUl/KZ7bmjM/C+zLNoreM2TU6OoLACs4eg==",
      "dependencies": {
        "@turf/helpers": "^6.5.0"
      },
      "funding": {
        "url": "https://opencollective.com/turf"
      }
    },
    "node_modules/@turf/kinks": {
      "version": "6.5.0",
      "resolved": "https://registry.npmjs.org/@turf/kinks/-/kinks-6.5.0.tgz",
      "integrity": "sha512-ViCngdPt1eEL7hYUHR2eHR662GvCgTc35ZJFaNR6kRtr6D8plLaDju0FILeFFWSc+o8e3fwxZEJKmFj9IzPiIQ==",
      "dependencies": {
        "@turf/helpers": "^6.5.0"
      },
      "funding": {
        "url": "https://opencollective.com/turf"
      }
    },
    "node_modules/@turf/line-intersect": {
      "version": "6.5.0",
      "resolved": "https://registry.npmjs.org/@turf/line-intersect/-/line-intersect-6.5.0.tgz",
      "integrity": "sha512-CS6R1tZvVQD390G9Ea4pmpM6mJGPWoL82jD46y0q1KSor9s6HupMIo1kY4Ny+AEYQl9jd21V3Scz20eldpbTVA==",
      "dependencies": {
        "@turf/helpers": "^6.5.0",
        "@turf/invariant": "^6.5.0",
        "@turf/line-segment": "^6.5.0",
        "@turf/meta": "^6.5.0",
        "geojson-rbush": "3.x"
      },
      "funding": {
        "url": "https://opencollective.com/turf"
      }
    },
    "node_modules/@turf/line-segment": {
      "version": "6.5.0",
      "resolved": "https://registry.npmjs.org/@turf/line-segment/-/line-segment-6.5.0.tgz",
      "integrity": "sha512-jI625Ho4jSuJESNq66Mmi290ZJ5pPZiQZruPVpmHkUw257Pew0alMmb6YrqYNnLUuiVVONxAAKXUVeeUGtycfw==",
      "dependencies": {
        "@turf/helpers": "^6.5.0",
        "@turf/invariant": "^6.5.0",
        "@turf/meta": "^6.5.0"
      },
      "funding": {
        "url": "https://opencollective.com/turf"
      }
    },
    "node_modules/@turf/line-split": {
      "version": "6.5.0",
      "resolved": "https://registry.npmjs.org/@turf/line-split/-/line-split-6.5.0.tgz",
      "integrity": "sha512-/rwUMVr9OI2ccJjw7/6eTN53URtGThNSD5I0GgxyFXMtxWiloRJ9MTff8jBbtPWrRka/Sh2GkwucVRAEakx9Sw==",
      "dependencies": {
        "@turf/bbox": "^6.5.0",
        "@turf/helpers": "^6.5.0",
        "@turf/invariant": "^6.5.0",
        "@turf/line-intersect": "^6.5.0",
        "@turf/line-segment": "^6.5.0",
        "@turf/meta": "^6.5.0",
        "@turf/nearest-point-on-line": "^6.5.0",
        "@turf/square": "^6.5.0",
        "@turf/truncate": "^6.5.0",
        "geojson-rbush": "3.x"
      },
      "funding": {
        "url": "https://opencollective.com/turf"
      }
    },
    "node_modules/@turf/meta": {
      "version": "6.5.0",
      "resolved": "https://registry.npmjs.org/@turf/meta/-/meta-6.5.0.tgz",
      "integrity": "sha512-RrArvtsV0vdsCBegoBtOalgdSOfkBrTJ07VkpiCnq/491W67hnMWmDu7e6Ztw0C3WldRYTXkg3SumfdzZxLBHA==",
      "dependencies": {
        "@turf/helpers": "^6.5.0"
      },
      "funding": {
        "url": "https://opencollective.com/turf"
      }
    },
    "node_modules/@turf/nearest-point-on-line": {
      "version": "6.5.0",
      "resolved": "https://registry.npmjs.org/@turf/nearest-point-on-line/-/nearest-point-on-line-6.5.0.tgz",
      "integrity": "sha512-WthrvddddvmymnC+Vf7BrkHGbDOUu6Z3/6bFYUGv1kxw8tiZ6n83/VG6kHz4poHOfS0RaNflzXSkmCi64fLBlg==",
      "dependencies": {
        "@turf/bearing": "^6.5.0",
        "@turf/destination": "^6.5.0",
        "@turf/distance": "^6.5.0",
        "@turf/helpers": "^6.5.0",
        "@turf/invariant": "^6.5.0",
        "@turf/line-intersect": "^6.5.0",
        "@turf/meta": "^6.5.0"
      },
      "funding": {
        "url": "https://opencollective.com/turf"
      }
    },
    "node_modules/@turf/square": {
      "version": "6.5.0",
      "resolved": "https://registry.npmjs.org/@turf/square/-/square-6.5.0.tgz",
      "integrity": "sha512-BM2UyWDmiuHCadVhHXKIx5CQQbNCpOxB6S/aCNOCLbhCeypKX5Q0Aosc5YcmCJgkwO5BERCC6Ee7NMbNB2vHmQ==",
      "dependencies": {
        "@turf/distance": "^6.5.0",
        "@turf/helpers": "^6.5.0"
      },
      "funding": {
        "url": "https://opencollective.com/turf"
      }
    },
    "node_modules/@turf/truncate": {
      "version": "6.5.0",
      "resolved": "https://registry.npmjs.org/@turf/truncate/-/truncate-6.5.0.tgz",
      "integrity": "sha512-pFxg71pLk+eJj134Z9yUoRhIi8vqnnKvCYwdT4x/DQl/19RVdq1tV3yqOT3gcTQNfniteylL5qV1uTBDV5sgrg==",
      "dependencies": {
        "@turf/helpers": "^6.5.0",
        "@turf/meta": "^6.5.0"
      },
      "funding": {
        "url": "https://opencollective.com/turf"
      }
    },
    "node_modules/@types/geojson": {
      "version": "7946.0.8",
      "resolved": "https://registry.npmjs.org/@types/geojson/-/geojson-7946.0.8.tgz",
      "integrity": "sha512-1rkryxURpr6aWP7R786/UQOkJ3PcpQiWkAXBmdWc7ryFWqN6a4xfK7BtjXvFBKO9LjQ+MWQSWxYeZX1OApnArA=="
    },
    "node_modules/@types/geojson-vt": {
      "version": "3.2.5",
      "resolved": "https://registry.npmjs.org/@types/geojson-vt/-/geojson-vt-3.2.5.tgz",
      "integrity": "sha512-qDO7wqtprzlpe8FfQ//ClPV9xiuoh2nkIgiouIptON9w5jvD/fA4szvP9GBlDVdJ5dldAl0kX/sy3URbWwLx0g==",
      "license": "MIT",
      "dependencies": {
        "@types/geojson": "*"
      }
    },
    "node_modules/@types/mapbox__point-geometry": {
      "version": "0.1.4",
      "resolved": "https://registry.npmjs.org/@types/mapbox__point-geometry/-/mapbox__point-geometry-0.1.4.tgz",
      "integrity": "sha512-mUWlSxAmYLfwnRBmgYV86tgYmMIICX4kza8YnE/eIlywGe2XoOxlpVnXWwir92xRLjwyarqwpu2EJKD2pk0IUA==",
      "license": "MIT"
    },
    "node_modules/@types/mapbox__vector-tile": {
      "version": "1.3.4",
      "resolved": "https://registry.npmjs.org/@types/mapbox__vector-tile/-/mapbox__vector-tile-1.3.4.tgz",
      "integrity": "sha512-bpd8dRn9pr6xKvuEBQup8pwQfD4VUyqO/2deGjfpe6AwC8YRlyEipvefyRJUSiCJTZuCb8Pl1ciVV5ekqJ96Bg==",
      "license": "MIT",
      "dependencies": {
        "@types/geojson": "*",
        "@types/mapbox__point-geometry": "*",
        "@types/pbf": "*"
      }
    },
    "node_modules/@types/pbf": {
      "version": "3.0.5",
      "resolved": "https://registry.npmjs.org/@types/pbf/-/pbf-3.0.5.tgz",
      "integrity": "sha512-j3pOPiEcWZ34R6a6mN07mUkM4o4Lwf6hPNt8eilOeZhTFbxFXmKhvXl9Y28jotFPaI1bpPDJsbCprUoNke6OrA==",
      "license": "MIT"
    },
    "node_modules/@types/supercluster": {
      "version": "7.1.3",
      "resolved": "https://registry.npmjs.org/@types/supercluster/-/supercluster-7.1.3.tgz",
      "integrity": "sha512-Z0pOY34GDFl3Q6hUFYf3HkTwKEE02e7QgtJppBt+beEAxnyOpJua+voGFvxINBHa06GwLFFym7gRPY2SiKIfIA==",
      "license": "MIT",
      "dependencies": {
        "@types/geojson": "*"
      }
    },
    "node_modules/ace-builds": {
      "version": "1.43.0",
      "resolved": "https://registry.npmjs.org/ace-builds/-/ace-builds-1.43.0.tgz",
      "integrity": "sha512-iBkvY7owAPCquKCenPCEl4YVDOo9YPRfAZbOuzGcyJlMYhiA5aIEjFPZsYZvX1ZQ1Rq4cfYRhJjixSYcpDPOoQ==",
      "license": "BSD-3-Clause"
    },
    "node_modules/base64-arraybuffer": {
      "version": "1.0.2",
      "resolved": "https://registry.npmjs.org/base64-arraybuffer/-/base64-arraybuffer-1.0.2.tgz",
      "integrity": "sha512-I3yl4r9QB5ZRY3XuJVEPfc2XhZO6YweFPI+UovAzn+8/hb3oJ6lnysaFcjVpkCPfVWFUDvoZ8kmVDP7WyRtYtQ==",
      "license": "MIT",
      "engines": {
        "node": ">= 0.6.0"
      }
    },
    "node_modules/bignumber.js": {
      "version": "9.3.1",
      "resolved": "https://registry.npmjs.org/bignumber.js/-/bignumber.js-9.3.1.tgz",
      "integrity": "sha512-Ko0uX15oIUS7wJ3Rb30Fs6SkVbLmPBAKdlm7q9+ak9bbIeFf0MwuBsQV6z7+X768/cHsfg+WlysDWJcmthjsjQ==",
      "license": "MIT",
      "engines": {
        "node": "*"
      }
    },
    "node_modules/cheap-ruler": {
      "version": "4.0.0",
      "resolved": "https://registry.npmjs.org/cheap-ruler/-/cheap-ruler-4.0.0.tgz",
      "integrity": "sha512-0BJa8f4t141BYKQyn9NSQt1PguFQXMXwZiA5shfoaBYHAb2fFk2RAX+tiWMoQU+Agtzt3mdt0JtuyshAXqZ+Vw==",
      "license": "ISC"
    },
    "node_modules/css-line-break": {
      "version": "2.1.0",
      "resolved": "https://registry.npmjs.org/css-line-break/-/css-line-break-2.1.0.tgz",
      "integrity": "sha512-FHcKFCZcAha3LwfVBhCQbW2nCNbkZXn7KVUJcsT5/P8YmfsVja0FMPJr0B903j/E69HUphKiV9iQArX8SDYA4w==",
      "license": "MIT",
      "dependencies": {
        "utrie": "^1.0.2"
      }
    },
    "node_modules/csscolorparser": {
      "version": "1.0.3",
      "resolved": "https://registry.npmjs.org/csscolorparser/-/csscolorparser-1.0.3.tgz",
      "integrity": "sha512-umPSgYwZkdFoUrH5hIq5kf0wPSXiro51nPw0j2K/c83KflkPSTBGMz6NJvMB+07VlL0y7VPo6QJcDjcgKTTm3w==",
      "license": "MIT"
    },
    "node_modules/earcut": {
      "version": "3.0.1",
      "resolved": "https://registry.npmjs.org/earcut/-/earcut-3.0.1.tgz",
      "integrity": "sha512-0l1/0gOjESMeQyYaK5IDiPNvFeu93Z/cO0TjZh9eZ1vyCtZnA7KMZ8rQggpsJHIbGSdrqYq9OhuveadOVHCshw==",
      "license": "ISC"
    },
    "node_modules/geojson-rbush": {
      "version": "3.2.0",
      "resolved": "https://registry.npmjs.org/geojson-rbush/-/geojson-rbush-3.2.0.tgz",
      "integrity": "sha512-oVltQTXolxvsz1sZnutlSuLDEcQAKYC/uXt9zDzJJ6bu0W+baTI8LZBaTup5afzibEH4N3jlq2p+a152wlBJ7w==",
      "dependencies": {
        "@turf/bbox": "*",
        "@turf/helpers": "6.x",
        "@turf/meta": "6.x",
        "@types/geojson": "7946.0.8",
        "rbush": "^3.0.1"
      }
    },
    "node_modules/geojson-vt": {
      "version": "4.0.2",
      "resolved": "https://registry.npmjs.org/geojson-vt/-/geojson-vt-4.0.2.tgz",
      "integrity": "sha512-AV9ROqlNqoZEIJGfm1ncNjEXfkz2hdFlZf0qkVfmkwdKa8vj7H16YUOT81rJw1rdFhyEDlN2Tds91p/glzbl5A==",
      "license": "ISC"
    },
    "node_modules/gl-matrix": {
      "version": "3.4.3",
      "resolved": "https://registry.npmjs.org/gl-matrix/-/gl-matrix-3.4.3.tgz",
      "integrity": "sha512-wcCp8vu8FT22BnvKVPjXa/ICBWRq/zjFfdofZy1WSpQZpphblv12/bOQLBC1rMM7SGOFS9ltVmKOHil5+Ml7gA==",
      "license": "MIT"
    },
    "node_modules/glightbox": {
      "version": "3.3.0",
      "resolved": "https://registry.npmjs.org/glightbox/-/glightbox-3.3.0.tgz",
      "integrity": "sha512-SJukatHBZZ/POMOpLUQ6/dhXf/wJTDx1wZ/FwApjseXw2WrRj3Ze9DzNCFYzca0oU7RjXQhi9o02aIZ9SuCz1A=="
    },
    "node_modules/grid-index": {
      "version": "1.1.0",
      "resolved": "https://registry.npmjs.org/grid-index/-/grid-index-1.1.0.tgz",
      "integrity": "sha512-HZRwumpOGUrHyxO5bqKZL0B0GlUpwtCAzZ42sgxUPniu33R1LSFH5yrIcBCHjkctCAh3mtWKcKd9J4vDDdeVHA==",
      "license": "ISC"
    },
    "node_modules/html2canvas": {
      "version": "1.4.1",
      "resolved": "https://registry.npmjs.org/html2canvas/-/html2canvas-1.4.1.tgz",
      "integrity": "sha512-fPU6BHNpsyIhr8yyMpTLLxAbkaK8ArIBcmZIRiBLiDhjeqvXolaEmDGmELFuX9I4xDcaKKcJl+TKZLqruBbmWA==",
      "license": "MIT",
      "dependencies": {
        "css-line-break": "^2.1.0",
        "text-segmentation": "^1.0.3"
      },
      "engines": {
        "node": ">=8.0.0"
      }
    },
    "node_modules/idiomorph": {
      "version": "0.7.3",
      "resolved": "https://registry.npmjs.org/idiomorph/-/idiomorph-0.7.3.tgz",
      "integrity": "sha512-YI/L1QQkBRDtiaGZN+/KolIkNoZuIsCgus1ciueosiqdyWz/weeP+ghFgDQpk2vzA3BkX6/M/kY5SCM03LBDkA==",
      "license": "0BSD"
    },
    "node_modules/ieee754": {
      "version": "1.2.1",
      "resolved": "https://registry.npmjs.org/ieee754/-/ieee754-1.2.1.tgz",
      "integrity": "sha512-dcyqhDvX1C46lXZcVqCpK+FtMRQVdIMN6/Df5js2zouUsqG7I6sFxitIC+7KYK29KdXOLHdu9zL4sFnoVQnqaA==",
      "funding": [
        {
          "type": "github",
          "url": "https://github.com/sponsors/feross"
        },
        {
          "type": "patreon",
          "url": "https://www.patreon.com/feross"
        },
        {
          "type": "consulting",
          "url": "https://feross.org/support"
        }
      ],
      "license": "BSD-3-Clause"
    },
    "node_modules/jquery": {
      "version": "3.7.1",
      "resolved": "https://registry.npmjs.org/jquery/-/jquery-3.7.1.tgz",
      "integrity": "sha512-m4avr8yL8kmFN8psrbFFFmB/If14iN5o9nw/NgnnM+kybDJpRsAynV2BsfpTYrTRysYUdADVD7CkUUizgkpLfg=="
    },
    "node_modules/jquery-ui": {
      "version": "1.14.1",
      "resolved": "https://registry.npmjs.org/jquery-ui/-/jquery-ui-1.14.1.tgz",
      "integrity": "sha512-DhzsYH8VeIvOaxwi+B/2BCsFFT5EGjShdzOcm5DssWjtcpGWIMsn66rJciDA6jBruzNiLf1q0KvwMoX1uGNvnQ==",
      "license": "MIT",
      "dependencies": {
        "jquery": ">=1.12.0 <5.0.0"
      }
    },
    "node_modules/jquery-ujs": {
      "version": "1.2.3",
      "resolved": "https://registry.npmjs.org/jquery-ujs/-/jquery-ujs-1.2.3.tgz",
      "integrity": "sha512-59wvfx5vcCTHMeQT1/OwFiAj+UffLIwjRIoXdpO7Z7BCFGepzq9T9oLVeoItjTqjoXfUrHJvV7QU6pUR+UzOoA==",
      "peerDependencies": {
        "jquery": ">=1.8.0"
      }
    },
    "node_modules/kdbush": {
      "version": "4.0.2",
      "resolved": "https://registry.npmjs.org/kdbush/-/kdbush-4.0.2.tgz",
      "integrity": "sha512-WbCVYJ27Sz8zi9Q7Q0xHC+05iwkm3Znipc2XTlrnJbsHMYktW4hPhXUE8Ys1engBrvffoSCqbil1JQAa7clRpA==",
      "license": "ISC"
    },
    "node_modules/leaflet": {
      "version": "1.9.4",
      "resolved": "https://registry.npmjs.org/leaflet/-/leaflet-1.9.4.tgz",
      "integrity": "sha512-nxS1ynzJOmOlHp+iL3FyWqK89GtNL8U8rvlMOsQdTTssxZwCXh8N2NB3GDQOL+YR3XnWyZAxwQixURb+FA74PA=="
    },
    "node_modules/leaflet-geosearch": {
      "version": "3.11.1",
      "resolved": "https://registry.npmjs.org/leaflet-geosearch/-/leaflet-geosearch-3.11.1.tgz",
      "integrity": "sha512-cILLFLmn8C3MtGhaafGqY7CuhUG2+bGyUgfPHgNgW6fs4EvYyiIO88nO2ZqR7Hy6Ba089haLkhODpZR+/fRrPQ==",
      "license": "MIT",
      "optionalDependencies": {
        "@googlemaps/js-api-loader": "^1.16.6",
        "leaflet": "^1.6.0"
      }
    },
    "node_modules/leaflet-gesture-handling": {
      "version": "1.2.2",
      "resolved": "https://registry.npmjs.org/leaflet-gesture-handling/-/leaflet-gesture-handling-1.2.2.tgz",
      "integrity": "sha512-Blf5V4PoNphWkzL7Y1qge+Spkd4OCQ2atjwUNhMhLIcjKzPcBH++x/lwOinaR9jSqLWqJ6oKYO8d0XdTffy4hQ=="
    },
    "node_modules/Leaflet.Deflate": {
      "version": "2.1.0",
      "resolved": "https://registry.npmjs.org/Leaflet.Deflate/-/Leaflet.Deflate-2.1.0.tgz",
      "integrity": "sha512-Sr7oIN8x90f39EdhEcp8cpsZp7zLg366ZexO9HBGoezKrJskr6jFvgjmSpRdq62TAm7aqo+f/SGqxCeGZUD7Lg==",
      "peerDependencies": {
        "leaflet": "^1.0.0"
      }
    },
    "node_modules/leaflet.locatecontrol": {
      "version": "0.79.0",
      "resolved": "https://registry.npmjs.org/leaflet.locatecontrol/-/leaflet.locatecontrol-0.79.0.tgz",
      "integrity": "sha512-h64QIHFkypYdr90lkSfjKvPvvk8/b8UnP3m9WuoWdp5p2AaCWC0T1NVwyuj4rd5U4fBW3tQt4ppmZ2LceHMIDg=="
    },
    "node_modules/leaflet.markercluster": {
      "version": "1.5.3",
      "resolved": "https://registry.npmjs.org/leaflet.markercluster/-/leaflet.markercluster-1.5.3.tgz",
      "integrity": "sha512-vPTw/Bndq7eQHjLBVlWpnGeLa3t+3zGiuM7fJwCkiMFq+nmRuG3RI3f7f4N4TDX7T4NpbAXpR2+NTRSEGfCSeA==",
      "peerDependencies": {
        "leaflet": "^1.3.1"
      }
    },
    "node_modules/lodash": {
      "version": "4.17.21",
      "resolved": "https://registry.npmjs.org/lodash/-/lodash-4.17.21.tgz",
      "integrity": "sha512-v2kDEe57lecTulaDIuNTPy3Ry4gLGJ6Z1O3vE1krgXZNrsQ+LFTGHVxVjcXPs17LhbZVGedAJv8XZ1tvj5FvSg=="
    },
    "node_modules/mapbox-gl": {
      "version": "3.12.0",
      "resolved": "https://registry.npmjs.org/mapbox-gl/-/mapbox-gl-3.12.0.tgz",
      "integrity": "sha512-DV6TRr+xoPrLSKuGiUcbyLVkoLdNaNNpn6O7+ZC27yQH7BOOIF7l6JKbTCMhfMJuZBVJfL8YRJjlMJ6MZCTggA==",
      "license": "SEE LICENSE IN LICENSE.txt",
      "workspaces": [
        "src/style-spec",
        "test/build/typings"
      ],
      "dependencies": {
        "@mapbox/jsonlint-lines-primitives": "^2.0.2",
        "@mapbox/mapbox-gl-supported": "^3.0.0",
        "@mapbox/point-geometry": "^0.1.0",
        "@mapbox/tiny-sdf": "^2.0.6",
        "@mapbox/unitbezier": "^0.0.1",
        "@mapbox/vector-tile": "^1.3.1",
        "@mapbox/whoots-js": "^3.1.0",
        "@types/geojson": "^7946.0.16",
        "@types/geojson-vt": "^3.2.5",
        "@types/mapbox__point-geometry": "^0.1.4",
        "@types/mapbox__vector-tile": "^1.3.4",
        "@types/pbf": "^3.0.5",
        "@types/supercluster": "^7.1.3",
        "cheap-ruler": "^4.0.0",
        "csscolorparser": "~1.0.3",
        "earcut": "^3.0.1",
        "geojson-vt": "^4.0.2",
        "gl-matrix": "^3.4.3",
        "grid-index": "^1.1.0",
        "kdbush": "^4.0.2",
        "martinez-polygon-clipping": "^0.7.4",
        "murmurhash-js": "^1.0.0",
        "pbf": "^3.2.1",
        "potpack": "^2.0.0",
        "quickselect": "^3.0.0",
        "serialize-to-js": "^3.1.2",
        "supercluster": "^8.0.1",
        "tinyqueue": "^3.0.0",
        "vt-pbf": "^3.1.3"
      }
    },
    "node_modules/mapbox-gl/node_modules/@types/geojson": {
      "version": "7946.0.16",
      "resolved": "https://registry.npmjs.org/@types/geojson/-/geojson-7946.0.16.tgz",
      "integrity": "sha512-6C8nqWur3j98U6+lXDfTUWIfgvZU+EumvpHKcYjujKH7woYyLj2sUmff0tRhrqM7BohUw7Pz3ZB1jj2gW9Fvmg==",
      "license": "MIT"
    },
    "node_modules/mapbox-gl/node_modules/quickselect": {
      "version": "3.0.0",
      "resolved": "https://registry.npmjs.org/quickselect/-/quickselect-3.0.0.tgz",
      "integrity": "sha512-XdjUArbK4Bm5fLLvlm5KpTFOiOThgfWWI4axAZDWg4E/0mKdZyI9tNEfds27qCi1ze/vwTR16kvmmGhRra3c2g==",
      "license": "ISC"
    },
    "node_modules/martinez-polygon-clipping": {
      "version": "0.7.4",
      "resolved": "https://registry.npmjs.org/martinez-polygon-clipping/-/martinez-polygon-clipping-0.7.4.tgz",
      "integrity": "sha512-jBEwrKtA0jTagUZj2bnmb4Yg2s4KnJGRePStgI7bAVjtcipKiF39R4LZ2V/UT61jMYWrTcBhPazexeqd6JAVtw==",
      "license": "MIT",
      "dependencies": {
        "robust-predicates": "^2.0.4",
        "splaytree": "^0.1.4",
        "tinyqueue": "^1.2.0"
      }
    },
    "node_modules/martinez-polygon-clipping/node_modules/splaytree": {
      "version": "0.1.4",
      "resolved": "https://registry.npmjs.org/splaytree/-/splaytree-0.1.4.tgz",
      "integrity": "sha512-D50hKrjZgBzqD3FT2Ek53f2dcDLAQT8SSGrzj3vidNH5ISRgceeGVJ2dQIthKOuayqFXfFjXheHNo4bbt9LhRQ==",
      "license": "MIT"
    },
    "node_modules/martinez-polygon-clipping/node_modules/tinyqueue": {
      "version": "1.2.3",
      "resolved": "https://registry.npmjs.org/tinyqueue/-/tinyqueue-1.2.3.tgz",
      "integrity": "sha512-Qz9RgWuO9l8lT+Y9xvbzhPT2efIUIFd69N7eF7tJ9lnQl0iLj1M7peK7IoUGZL9DJHw9XftqLreccfxcQgYLxA==",
      "license": "ISC"
    },
    "node_modules/murmurhash-js": {
      "version": "1.0.0",
      "resolved": "https://registry.npmjs.org/murmurhash-js/-/murmurhash-js-1.0.0.tgz",
      "integrity": "sha512-TvmkNhkv8yct0SVBSy+o8wYzXjE4Zz3PCesbfs8HiCXXdcTuocApFv11UWlNFWKYsP2okqrhb7JNlSm9InBhIw==",
      "license": "MIT"
    },
    "node_modules/pbf": {
      "version": "3.3.0",
      "resolved": "https://registry.npmjs.org/pbf/-/pbf-3.3.0.tgz",
      "integrity": "sha512-XDF38WCH3z5OV/OVa8GKUNtLAyneuzbCisx7QUCF8Q6Nutx0WnJrQe5O+kOtBlLfRNUws98Y58Lblp+NJG5T4Q==",
      "license": "BSD-3-Clause",
      "dependencies": {
        "ieee754": "^1.1.12",
        "resolve-protobuf-schema": "^2.1.0"
      },
      "bin": {
        "pbf": "bin/pbf"
      }
    },
    "node_modules/polyclip-ts": {
      "version": "0.16.8",
      "resolved": "https://registry.npmjs.org/polyclip-ts/-/polyclip-ts-0.16.8.tgz",
      "integrity": "sha512-JPtKbDRuPEuAjuTdhR62Gph7Is2BS1Szx69CFOO3g71lpJDFo78k4tFyi+qFOMVPePEzdSKkpGU3NBXPHHjvKQ==",
      "license": "MIT",
      "dependencies": {
        "bignumber.js": "^9.1.0",
        "splaytree-ts": "^1.0.2"
      }
    },
    "node_modules/potpack": {
      "version": "2.0.0",
      "resolved": "https://registry.npmjs.org/potpack/-/potpack-2.0.0.tgz",
      "integrity": "sha512-Q+/tYsFU9r7xoOJ+y/ZTtdVQwTWfzjbiXBDMM/JKUux3+QPP02iUuIoeBQ+Ot6oEDlC+/PGjB/5A3K7KKb7hcw==",
      "license": "ISC"
    },
    "node_modules/protocol-buffers-schema": {
      "version": "3.6.0",
      "resolved": "https://registry.npmjs.org/protocol-buffers-schema/-/protocol-buffers-schema-3.6.0.tgz",
      "integrity": "sha512-TdDRD+/QNdrCGCE7v8340QyuXd4kIWIgapsE2+n/SaGiSSbomYl4TjHlvIoCWRpE7wFt02EpB35VVA2ImcBVqw==",
      "license": "MIT"
    },
    "node_modules/quickselect": {
      "version": "2.0.0",
      "resolved": "https://registry.npmjs.org/quickselect/-/quickselect-2.0.0.tgz",
      "integrity": "sha512-RKJ22hX8mHe3Y6wH/N3wCM6BWtjaxIyyUIkpHOvfFnxdI4yD4tBXEBKSbriGujF6jnSVkJrffuo6vxACiSSxIw=="
    },
    "node_modules/rbush": {
      "version": "3.0.1",
      "resolved": "https://registry.npmjs.org/rbush/-/rbush-3.0.1.tgz",
      "integrity": "sha512-XRaVO0YecOpEuIvbhbpTrZgoiI6xBlz6hnlr6EHhd+0x9ase6EmeN+hdwwUaJvLcsFFQ8iWVF1GAK1yB0BWi0w==",
      "dependencies": {
        "quickselect": "^2.0.0"
      }
    },
    "node_modules/resolve-protobuf-schema": {
      "version": "2.1.0",
      "resolved": "https://registry.npmjs.org/resolve-protobuf-schema/-/resolve-protobuf-schema-2.1.0.tgz",
      "integrity": "sha512-kI5ffTiZWmJaS/huM8wZfEMer1eRd7oJQhDuxeCLe3t7N7mX3z94CN0xPxBQxFYQTSNz9T0i+v6inKqSdK8xrQ==",
      "license": "MIT",
      "dependencies": {
        "protocol-buffers-schema": "^3.3.1"
      }
    },
    "node_modules/robust-predicates": {
      "version": "2.0.4",
      "resolved": "https://registry.npmjs.org/robust-predicates/-/robust-predicates-2.0.4.tgz",
      "integrity": "sha512-l4NwboJM74Ilm4VKfbAtFeGq7aEjWL+5kVFcmgFA2MrdnQWx9iE/tUGvxY5HyMI7o/WpSIUFLbC5fbeaHgSCYg==",
      "license": "Unlicense"
    },
    "node_modules/select2": {
      "version": "4.1.0-rc.0",
      "resolved": "https://registry.npmjs.org/select2/-/select2-4.1.0-rc.0.tgz",
      "integrity": "sha512-Hr9TdhyHCZUtwznEH2CBf7967mEM0idtJ5nMtjvk3Up5tPukOLXbHUNmh10oRfeNIhj+3GD3niu+g6sVK+gK0A==",
      "license": "MIT"
    },
    "node_modules/serialize-to-js": {
      "version": "3.1.2",
      "resolved": "https://registry.npmjs.org/serialize-to-js/-/serialize-to-js-3.1.2.tgz",
      "integrity": "sha512-owllqNuDDEimQat7EPG0tH7JjO090xKNzUtYz6X+Sk2BXDnOCilDdNLwjWeFywG9xkJul1ULvtUQa9O4pUaY0w==",
      "license": "MIT",
      "engines": {
        "node": ">=4.0.0"
      }
    },
    "node_modules/sortablejs": {
      "version": "1.15.6",
      "resolved": "https://registry.npmjs.org/sortablejs/-/sortablejs-1.15.6.tgz",
      "integrity": "sha512-aNfiuwMEpfBM/CN6LY0ibyhxPfPbyFeBTYJKCvzkJ2GkUpazIt3H+QIPAMHwqQ7tMKaHz1Qj+rJJCqljnf4p3A==",
      "license": "MIT"
    },
    "node_modules/splaytree-ts": {
      "version": "1.0.2",
      "resolved": "https://registry.npmjs.org/splaytree-ts/-/splaytree-ts-1.0.2.tgz",
      "integrity": "sha512-0kGecIZNIReCSiznK3uheYB8sbstLjCZLiwcQwbmLhgHJj2gz6OnSPkVzJQCMnmEz1BQ4gPK59ylhBoEWOhGNA==",
      "license": "BDS-3-Clause"
    },
    "node_modules/supercluster": {
      "version": "8.0.1",
      "resolved": "https://registry.npmjs.org/supercluster/-/supercluster-8.0.1.tgz",
      "integrity": "sha512-IiOea5kJ9iqzD2t7QJq/cREyLHTtSmUT6gQsweojg9WH2sYJqZK9SswTu6jrscO6D1G5v5vYZ9ru/eq85lXeZQ==",
      "license": "ISC",
      "dependencies": {
        "kdbush": "^4.0.2"
      }
    },
    "node_modules/text-segmentation": {
      "version": "1.0.3",
      "resolved": "https://registry.npmjs.org/text-segmentation/-/text-segmentation-1.0.3.tgz",
      "integrity": "sha512-iOiPUo/BGnZ6+54OsWxZidGCsdU8YbE4PSpdPinp7DeMtUJNJBoJ/ouUSTJjHkh1KntHaltHl/gDs2FC4i5+Nw==",
      "license": "MIT",
      "dependencies": {
        "utrie": "^1.0.2"
      }
    },
    "node_modules/tinyqueue": {
      "version": "3.0.0",
      "resolved": "https://registry.npmjs.org/tinyqueue/-/tinyqueue-3.0.0.tgz",
      "integrity": "sha512-gRa9gwYU3ECmQYv3lslts5hxuIa90veaEcxDYuu3QGOIAEM2mOZkVHp48ANJuu1CURtRdHKUBY5Lm1tHV+sD4g==",
      "license": "ISC"
    },
    "node_modules/utrie": {
      "version": "1.0.2",
      "resolved": "https://registry.npmjs.org/utrie/-/utrie-1.0.2.tgz",
      "integrity": "sha512-1MLa5ouZiOmQzUbjbu9VmjLzn1QLXBhwpUa7kdLUQK+KQ5KA9I1vk5U4YHe/X2Ch7PYnJfWuWT+VbuxbGwljhw==",
      "license": "MIT",
      "dependencies": {
        "base64-arraybuffer": "^1.0.2"
      }
    },
    "node_modules/vt-pbf": {
      "version": "3.1.3",
      "resolved": "https://registry.npmjs.org/vt-pbf/-/vt-pbf-3.1.3.tgz",
      "integrity": "sha512-2LzDFzt0mZKZ9IpVF2r69G9bXaP2Q2sArJCmcCgvfTdCCZzSyz4aCLoQyUilu37Ll56tCblIZrXFIjNUpGIlmA==",
      "license": "MIT",
      "dependencies": {
        "@mapbox/point-geometry": "0.1.0",
        "@mapbox/vector-tile": "^1.3.1",
        "pbf": "^3.2.1"
      }
    }
  }
}
